
Microsoft Visual Studio Solution File, Format Version 12.00
# Visual Studio Version 16
VisualStudioVersion = 16.0.28803.452
MinimumVisualStudioVersion = 10.0.40219.1
Project("{FAE04EC0-301F-11D3-BF4B-00C04F79EFBC}") = "SummationService", "SummationService\SummationService.csproj", "{DFBB0EC3-F09B-4AD2-92A8-DA2FCA146DD4}"
EndProject
Project("{FAE04EC0-301F-11D3-BF4B-00C04F79EFBC}") = "MultiplicationService", "MultiplicationService\MultiplicationService.csproj", "{1A5DD932-9DA7-4619-8DA8-3E1229F2F586}"
EndProject
Project("{FAE04EC0-301F-11D3-BF4B-00C04F79EFBC}") = "CalculatorService", "CalculatorService\CalculatorService.csproj", "{BE9273B6-DFD3-4DDD-A82B-C23E96EE11FC}"
EndProject
Global
	GlobalSection(SolutionConfigurationPlatforms) = preSolution
		Debug|Any CPU = Debug|Any CPU
		Release|Any CPU = Release|Any CPU
	EndGlobalSection
	GlobalSection(ProjectConfigurationPlatforms) = postSolution
		{DFBB0EC3-F09B-4AD2-92A8-DA2FCA146DD4}.Debug|Any CPU.ActiveCfg = Debug|Any CPU
		{DFBB0EC3-F09B-4AD2-92A8-DA2FCA146DD4}.Debug|Any CPU.Build.0 = Debug|Any CPU
		{DFBB0EC3-F09B-4AD2-92A8-DA2FCA146DD4}.Release|Any CPU.ActiveCfg = Release|Any CPU
		{DFBB0EC3-F09B-4AD2-92A8-DA2FCA146DD4}.Release|Any CPU.Build.0 = Release|Any CPU
		{1A5DD932-9DA7-4619-8DA8-3E1229F2F586}.Debug|Any CPU.ActiveCfg = Debug|Any CPU
		{1A5DD932-9DA7-4619-8DA8-3E1229F2F586}.Debug|Any CPU.Build.0 = Debug|Any CPU
		{1A5DD932-9DA7-4619-8DA8-3E1229F2F586}.Release|Any CPU.ActiveCfg = Release|Any CPU
		{1A5DD932-9DA7-4619-8DA8-3E1229F2F586}.Release|Any CPU.Build.0 = Release|Any CPU
		{BE9273B6-DFD3-4DDD-A82B-C23E96EE11FC}.Debug|Any CPU.ActiveCfg = Debug|Any CPU
		{BE9273B6-DFD3-4DDD-A82B-C23E96EE11FC}.Debug|Any CPU.Build.0 = Debug|Any CPU
		{BE9273B6-DFD3-4DDD-A82B-C23E96EE11FC}.Release|Any CPU.ActiveCfg = Release|Any CPU
		{BE9273B6-DFD3-4DDD-A82B-C23E96EE11FC}.Release|Any CPU.Build.0 = Release|Any CPU
	EndGlobalSection
	GlobalSection(SolutionProperties) = preSolution
		HideSolutionNode = FALSE
	EndGlobalSection
	GlobalSection(ExtensibilityGlobals) = postSolution
		SolutionGuid = {B5537996-FCCA-46BB-9DCA-14B3100F079C}
	EndGlobalSection
EndGlobal
